
Microsoft Visual Studio Solution File, Format Version 12.00
# Visual Studio Version 17
VisualStudioVersion = 17.0.31903.59
MinimumVisualStudioVersion = 10.0.40219.1
Project("{2150E333-8FDC-42A3-9474-1A3956D46DE8}") = "src", "src", "{827E0CD3-B72D-47B6-A68D-7590B98EB39B}"
EndProject
Project("{FAE04EC0-301F-11D3-BF4B-00C04F79EFBC}") = "Domain", "src\Domain\Domain.csproj", "{B8E1A6CD-0FD4-4F5C-B047-2DEB96189399}"
EndProject
Project("{FAE04EC0-301F-11D3-BF4B-00C04F79EFBC}") = "Infrastructure", "src\Infrastructure\Infrastructure.csproj", "{6C196B8F-8B2F-4782-B162-43CEC3189CA9}"
EndProject
Project("{FAE04EC0-301F-11D3-BF4B-00C04F79EFBC}") = "Application", "src\Application\Application.csproj", "{0DC7A4A1-B0E7-4149-9B0D-37F61D2DFD19}"
EndProject
Project("{FAE04EC0-301F-11D3-BF4B-00C04F79EFBC}") = "Api", "src\Api\Api.csproj", "{538281D6-744C-4136-BE81-7FA689E58A69}"
EndProject
Global
	GlobalSection(SolutionConfigurationPlatforms) = preSolution
		Debug|Any CPU = Debug|Any CPU
		Debug|x64 = Debug|x64
		Debug|x86 = Debug|x86
		Release|Any CPU = Release|Any CPU
		Release|x64 = Release|x64
		Release|x86 = Release|x86
	EndGlobalSection
	GlobalSection(ProjectConfigurationPlatforms) = postSolution
		{B8E1A6CD-0FD4-4F5C-B047-2DEB96189399}.Debug|Any CPU.ActiveCfg = Debug|Any CPU
		{B8E1A6CD-0FD4-4F5C-B047-2DEB96189399}.Debug|Any CPU.Build.0 = Debug|Any CPU
		{B8E1A6CD-0FD4-4F5C-B047-2DEB96189399}.Debug|x64.ActiveCfg = Debug|Any CPU
		{B8E1A6CD-0FD4-4F5C-B047-2DEB96189399}.Debug|x64.Build.0 = Debug|Any CPU
		{B8E1A6CD-0FD4-4F5C-B047-2DEB96189399}.Debug|x86.ActiveCfg = Debug|Any CPU
		{B8E1A6CD-0FD4-4F5C-B047-2DEB96189399}.Debug|x86.Build.0 = Debug|Any CPU
		{B8E1A6CD-0FD4-4F5C-B047-2DEB96189399}.Release|Any CPU.ActiveCfg = Release|Any CPU
		{B8E1A6CD-0FD4-4F5C-B047-2DEB96189399}.Release|Any CPU.Build.0 = Release|Any CPU
		{B8E1A6CD-0FD4-4F5C-B047-2DEB96189399}.Release|x64.ActiveCfg = Release|Any CPU
		{B8E1A6CD-0FD4-4F5C-B047-2DEB96189399}.Release|x64.Build.0 = Release|Any CPU
		{B8E1A6CD-0FD4-4F5C-B047-2DEB96189399}.Release|x86.ActiveCfg = Release|Any CPU
		{B8E1A6CD-0FD4-4F5C-B047-2DEB96189399}.Release|x86.Build.0 = Release|Any CPU
		{6C196B8F-8B2F-4782-B162-43CEC3189CA9}.Debug|Any CPU.ActiveCfg = Debug|Any CPU
		{6C196B8F-8B2F-4782-B162-43CEC3189CA9}.Debug|Any CPU.Build.0 = Debug|Any CPU
		{6C196B8F-8B2F-4782-B162-43CEC3189CA9}.Debug|x64.ActiveCfg = Debug|Any CPU
		{6C196B8F-8B2F-4782-B162-43CEC3189CA9}.Debug|x64.Build.0 = Debug|Any CPU
		{6C196B8F-8B2F-4782-B162-43CEC3189CA9}.Debug|x86.ActiveCfg = Debug|Any CPU
		{6C196B8F-8B2F-4782-B162-43CEC3189CA9}.Debug|x86.Build.0 = Debug|Any CPU
		{6C196B8F-8B2F-4782-B162-43CEC3189CA9}.Release|Any CPU.ActiveCfg = Release|Any CPU
		{6C196B8F-8B2F-4782-B162-43CEC3189CA9}.Release|Any CPU.Build.0 = Release|Any CPU
		{6C196B8F-8B2F-4782-B162-43CEC3189CA9}.Release|x64.ActiveCfg = Release|Any CPU
		{6C196B8F-8B2F-4782-B162-43CEC3189CA9}.Release|x64.Build.0 = Release|Any CPU
		{6C196B8F-8B2F-4782-B162-43CEC3189CA9}.Release|x86.ActiveCfg = Release|Any CPU
		{6C196B8F-8B2F-4782-B162-43CEC3189CA9}.Release|x86.Build.0 = Release|Any CPU
		{0DC7A4A1-B0E7-4149-9B0D-37F61D2DFD19}.Debug|Any CPU.ActiveCfg = Debug|Any CPU
		{0DC7A4A1-B0E7-4149-9B0D-37F61D2DFD19}.Debug|Any CPU.Build.0 = Debug|Any CPU
		{0DC7A4A1-B0E7-4149-9B0D-37F61D2DFD19}.Debug|x64.ActiveCfg = Debug|Any CPU
		{0DC7A4A1-B0E7-4149-9B0D-37F61D2DFD19}.Debug|x64.Build.0 = Debug|Any CPU
		{0DC7A4A1-B0E7-4149-9B0D-37F61D2DFD19}.Debug|x86.ActiveCfg = Debug|Any CPU
		{0DC7A4A1-B0E7-4149-9B0D-37F61D2DFD19}.Debug|x86.Build.0 = Debug|Any CPU
		{0DC7A4A1-B0E7-4149-9B0D-37F61D2DFD19}.Release|Any CPU.ActiveCfg = Release|Any CPU
		{0DC7A4A1-B0E7-4149-9B0D-37F61D2DFD19}.Release|Any CPU.Build.0 = Release|Any CPU
		{0DC7A4A1-B0E7-4149-9B0D-37F61D2DFD19}.Release|x64.ActiveCfg = Release|Any CPU
		{0DC7A4A1-B0E7-4149-9B0D-37F61D2DFD19}.Release|x64.Build.0 = Release|Any CPU
		{0DC7A4A1-B0E7-4149-9B0D-37F61D2DFD19}.Release|x86.ActiveCfg = Release|Any CPU
		{0DC7A4A1-B0E7-4149-9B0D-37F61D2DFD19}.Release|x86.Build.0 = Release|Any CPU
		{538281D6-744C-4136-BE81-7FA689E58A69}.Debug|Any CPU.ActiveCfg = Debug|Any CPU
		{538281D6-744C-4136-BE81-7FA689E58A69}.Debug|Any CPU.Build.0 = Debug|Any CPU
		{538281D6-744C-4136-BE81-7FA689E58A69}.Debug|x64.ActiveCfg = Debug|Any CPU
		{538281D6-744C-4136-BE81-7FA689E58A69}.Debug|x64.Build.0 = Debug|Any CPU
		{538281D6-744C-4136-BE81-7FA689E58A69}.Debug|x86.ActiveCfg = Debug|Any CPU
		{538281D6-744C-4136-BE81-7FA689E58A69}.Debug|x86.Build.0 = Debug|Any CPU
		{538281D6-744C-4136-BE81-7FA689E58A69}.Release|Any CPU.ActiveCfg = Release|Any CPU
		{538281D6-744C-4136-BE81-7FA689E58A69}.Release|Any CPU.Build.0 = Release|Any CPU
		{538281D6-744C-4136-BE81-7FA689E58A69}.Release|x64.ActiveCfg = Release|Any CPU
		{538281D6-744C-4136-BE81-7FA689E58A69}.Release|x64.Build.0 = Release|Any CPU
		{538281D6-744C-4136-BE81-7FA689E58A69}.Release|x86.ActiveCfg = Release|Any CPU
		{538281D6-744C-4136-BE81-7FA689E58A69}.Release|x86.Build.0 = Release|Any CPU
	EndGlobalSection
	GlobalSection(SolutionProperties) = preSolution
		HideSolutionNode = FALSE
	EndGlobalSection
	GlobalSection(NestedProjects) = preSolution
		{B8E1A6CD-0FD4-4F5C-B047-2DEB96189399} = {827E0CD3-B72D-47B6-A68D-7590B98EB39B}
		{6C196B8F-8B2F-4782-B162-43CEC3189CA9} = {827E0CD3-B72D-47B6-A68D-7590B98EB39B}
		{0DC7A4A1-B0E7-4149-9B0D-37F61D2DFD19} = {827E0CD3-B72D-47B6-A68D-7590B98EB39B}
		{538281D6-744C-4136-BE81-7FA689E58A69} = {827E0CD3-B72D-47B6-A68D-7590B98EB39B}
	EndGlobalSection
EndGlobal
